// !$*UTF8*$!
{
	archiveVersion = 1;
	classes = {
	};
	objectVersion = 50;
	objects = {

/* Begin PBXBuildFile section */
		34173A8350D66A8BCF312D08 /* ApiProviderImpl.swift in Sources */ = {isa = PBXBuildFile; fileRef = 341737227E449C9C14EB8681 /* ApiProviderImpl.swift */; };
		34173CC70801ECE4CB2CD25A /* ApiProvider.swift in Sources */ = {isa = PBXBuildFile; fileRef = 3417396A0890C02916F90FFB /* ApiProvider.swift */; };
		7CC9F8B522133AA600BA9751 /* AppDelegate.swift in Sources */ = {isa = PBXBuildFile; fileRef = 7CC9F8B422133AA600BA9751 /* AppDelegate.swift */; };
		7CC9F8B722133AA600BA9751 /* ViewController.swift in Sources */ = {isa = PBXBuildFile; fileRef = 7CC9F8B622133AA600BA9751 /* ViewController.swift */; };
		7CC9F8BA22133AA600BA9751 /* Main.storyboard in Resources */ = {isa = PBXBuildFile; fileRef = 7CC9F8B822133AA600BA9751 /* Main.storyboard */; };
		7CC9F8BC22133AA700BA9751 /* Assets.xcassets in Resources */ = {isa = PBXBuildFile; fileRef = 7CC9F8BB22133AA700BA9751 /* Assets.xcassets */; };
		7CC9F8BF22133AA700BA9751 /* LaunchScreen.storyboard in Resources */ = {isa = PBXBuildFile; fileRef = 7CC9F8BD22133AA700BA9751 /* LaunchScreen.storyboard */; };
		7CC9F8CA22133AA700BA9751 /* flckrSearchTests.swift in Sources */ = {isa = PBXBuildFile; fileRef = 7CC9F8C922133AA700BA9751 /* flckrSearchTests.swift */; };
		7CC9F8D522133AA700BA9751 /* flckrSearchUITests.swift in Sources */ = {isa = PBXBuildFile; fileRef = 7CC9F8D422133AA700BA9751 /* flckrSearchUITests.swift */; };
		7CC9F8E522133BA300BA9751 /* PhotoSearchController.swift in Sources */ = {isa = PBXBuildFile; fileRef = 7CC9F8E422133BA300BA9751 /* PhotoSearchController.swift */; };
		7CC9F8E72213459500BA9751 /* ViewModeled.swift in Sources */ = {isa = PBXBuildFile; fileRef = 7CC9F8E62213459500BA9751 /* ViewModeled.swift */; };
		7CC9F8E9221345D900BA9751 /* BaseViewModel.swift in Sources */ = {isa = PBXBuildFile; fileRef = 7CC9F8E8221345D900BA9751 /* BaseViewModel.swift */; };
		7CC9F8EE22135FDD00BA9751 /* FlickrService.swift in Sources */ = {isa = PBXBuildFile; fileRef = 7CC9F8ED22135FDD00BA9751 /* FlickrService.swift */; };
		7CC9F8F12213669B00BA9751 /* PhotosList.swift in Sources */ = {isa = PBXBuildFile; fileRef = 7CC9F8F02213669B00BA9751 /* PhotosList.swift */; };
		7CC9F8F3221366BB00BA9751 /* Photo.swift in Sources */ = {isa = PBXBuildFile; fileRef = 7CC9F8F2221366BB00BA9751 /* Photo.swift */; };
		7CC9F8F52213686E00BA9751 /* PhotoSearchViewModel.swift in Sources */ = {isa = PBXBuildFile; fileRef = 7CC9F8F42213686E00BA9751 /* PhotoSearchViewModel.swift */; };
		7CC9F8F92225E49E00BA9751 /* PhotoCell.swift in Sources */ = {isa = PBXBuildFile; fileRef = 7CC9F8F82225E49E00BA9751 /* PhotoCell.swift */; };
		C6DEF626F6B646F6A447415E /* Pods_flckrSearchUITests.framework in Frameworks */ = {isa = PBXBuildFile; fileRef = F7ACE75ABFBDE9419F2CBB66 /* Pods_flckrSearchUITests.framework */; };
		CA252F8DF6FA59AC4B500E68 /* Pods_flckrSearch.framework in Frameworks */ = {isa = PBXBuildFile; fileRef = 8353441351E771A88827AE92 /* Pods_flckrSearch.framework */; };
		E48D3A304CE9CE1D5467BCC1 /* Pods_flckrSearchTests.framework in Frameworks */ = {isa = PBXBuildFile; fileRef = F7EC66EBADE379EC5400A098 /* Pods_flckrSearchTests.framework */; };
/* End PBXBuildFile section */

/* Begin PBXContainerItemProxy section */
		7CC9F8C622133AA700BA9751 /* PBXContainerItemProxy */ = {
			isa = PBXContainerItemProxy;
			containerPortal = 7CC9F8A922133AA600BA9751 /* Project object */;
			proxyType = 1;
			remoteGlobalIDString = 7CC9F8B022133AA600BA9751;
			remoteInfo = flckrSearch;
		};
		7CC9F8D122133AA700BA9751 /* PBXContainerItemProxy */ = {
			isa = PBXContainerItemProxy;
			containerPortal = 7CC9F8A922133AA600BA9751 /* Project object */;
			proxyType = 1;
			remoteGlobalIDString = 7CC9F8B022133AA600BA9751;
			remoteInfo = flckrSearch;
		};
/* End PBXContainerItemProxy section */

/* Begin PBXFileReference section */
		341737227E449C9C14EB8681 /* ApiProviderImpl.swift */ = {isa = PBXFileReference; fileEncoding = 4; lastKnownFileType = sourcecode.swift; path = ApiProviderImpl.swift; sourceTree = "<group>"; };
		3417396A0890C02916F90FFB /* ApiProvider.swift */ = {isa = PBXFileReference; fileEncoding = 4; lastKnownFileType = sourcecode.swift; path = ApiProvider.swift; sourceTree = "<group>"; };
		65C95AC3F1FC451BF5BB6994 /* Pods-flckrSearch.debug.xcconfig */ = {isa = PBXFileReference; includeInIndex = 1; lastKnownFileType = text.xcconfig; name = "Pods-flckrSearch.debug.xcconfig"; path = "Target Support Files/Pods-flckrSearch/Pods-flckrSearch.debug.xcconfig"; sourceTree = "<group>"; };
		734E98CBE4699025D76C5775 /* Pods-flckrSearchTests.debug.xcconfig */ = {isa = PBXFileReference; includeInIndex = 1; lastKnownFileType = text.xcconfig; name = "Pods-flckrSearchTests.debug.xcconfig"; path = "Target Support Files/Pods-flckrSearchTests/Pods-flckrSearchTests.debug.xcconfig"; sourceTree = "<group>"; };
		7CC9F8B122133AA600BA9751 /* flckrSearch.app */ = {isa = PBXFileReference; explicitFileType = wrapper.application; includeInIndex = 0; path = flckrSearch.app; sourceTree = BUILT_PRODUCTS_DIR; };
		7CC9F8B422133AA600BA9751 /* AppDelegate.swift */ = {isa = PBXFileReference; lastKnownFileType = sourcecode.swift; path = AppDelegate.swift; sourceTree = "<group>"; };
		7CC9F8B622133AA600BA9751 /* ViewController.swift */ = {isa = PBXFileReference; lastKnownFileType = sourcecode.swift; path = ViewController.swift; sourceTree = "<group>"; };
		7CC9F8B922133AA600BA9751 /* Base */ = {isa = PBXFileReference; lastKnownFileType = file.storyboard; name = Base; path = Base.lproj/Main.storyboard; sourceTree = "<group>"; };
		7CC9F8BB22133AA700BA9751 /* Assets.xcassets */ = {isa = PBXFileReference; lastKnownFileType = folder.assetcatalog; path = Assets.xcassets; sourceTree = "<group>"; };
		7CC9F8BE22133AA700BA9751 /* Base */ = {isa = PBXFileReference; lastKnownFileType = file.storyboard; name = Base; path = Base.lproj/LaunchScreen.storyboard; sourceTree = "<group>"; };
		7CC9F8C022133AA700BA9751 /* Info.plist */ = {isa = PBXFileReference; lastKnownFileType = text.plist.xml; path = Info.plist; sourceTree = "<group>"; };
		7CC9F8C522133AA700BA9751 /* flckrSearchTests.xctest */ = {isa = PBXFileReference; explicitFileType = wrapper.cfbundle; includeInIndex = 0; path = flckrSearchTests.xctest; sourceTree = BUILT_PRODUCTS_DIR; };
		7CC9F8C922133AA700BA9751 /* flckrSearchTests.swift */ = {isa = PBXFileReference; lastKnownFileType = sourcecode.swift; path = flckrSearchTests.swift; sourceTree = "<group>"; };
		7CC9F8CB22133AA700BA9751 /* Info.plist */ = {isa = PBXFileReference; lastKnownFileType = text.plist.xml; path = Info.plist; sourceTree = "<group>"; };
		7CC9F8D022133AA700BA9751 /* flckrSearchUITests.xctest */ = {isa = PBXFileReference; explicitFileType = wrapper.cfbundle; includeInIndex = 0; path = flckrSearchUITests.xctest; sourceTree = BUILT_PRODUCTS_DIR; };
		7CC9F8D422133AA700BA9751 /* flckrSearchUITests.swift */ = {isa = PBXFileReference; lastKnownFileType = sourcecode.swift; path = flckrSearchUITests.swift; sourceTree = "<group>"; };
		7CC9F8D622133AA700BA9751 /* Info.plist */ = {isa = PBXFileReference; lastKnownFileType = text.plist.xml; path = Info.plist; sourceTree = "<group>"; };
		7CC9F8E422133BA300BA9751 /* PhotoSearchController.swift */ = {isa = PBXFileReference; lastKnownFileType = sourcecode.swift; path = PhotoSearchController.swift; sourceTree = "<group>"; };
		7CC9F8E62213459500BA9751 /* ViewModeled.swift */ = {isa = PBXFileReference; lastKnownFileType = sourcecode.swift; path = ViewModeled.swift; sourceTree = "<group>"; };
		7CC9F8E8221345D900BA9751 /* BaseViewModel.swift */ = {isa = PBXFileReference; lastKnownFileType = sourcecode.swift; path = BaseViewModel.swift; sourceTree = "<group>"; };
		7CC9F8ED22135FDD00BA9751 /* FlickrService.swift */ = {isa = PBXFileReference; lastKnownFileType = sourcecode.swift; path = FlickrService.swift; sourceTree = "<group>"; };
		7CC9F8F02213669B00BA9751 /* PhotosList.swift */ = {isa = PBXFileReference; lastKnownFileType = sourcecode.swift; path = PhotosList.swift; sourceTree = "<group>"; };
		7CC9F8F2221366BB00BA9751 /* Photo.swift */ = {isa = PBXFileReference; lastKnownFileType = sourcecode.swift; path = Photo.swift; sourceTree = "<group>"; };
		7CC9F8F42213686E00BA9751 /* PhotoSearchViewModel.swift */ = {isa = PBXFileReference; lastKnownFileType = sourcecode.swift; path = PhotoSearchViewModel.swift; sourceTree = "<group>"; };
		7CC9F8F82225E49E00BA9751 /* PhotoCell.swift */ = {isa = PBXFileReference; lastKnownFileType = sourcecode.swift; path = PhotoCell.swift; sourceTree = "<group>"; };
		824B595139B28C9240E4E694 /* Pods-flckrSearchUITests.debug.xcconfig */ = {isa = PBXFileReference; includeInIndex = 1; lastKnownFileType = text.xcconfig; name = "Pods-flckrSearchUITests.debug.xcconfig"; path = "Target Support Files/Pods-flckrSearchUITests/Pods-flckrSearchUITests.debug.xcconfig"; sourceTree = "<group>"; };
		8353441351E771A88827AE92 /* Pods_flckrSearch.framework */ = {isa = PBXFileReference; explicitFileType = wrapper.framework; includeInIndex = 0; path = Pods_flckrSearch.framework; sourceTree = BUILT_PRODUCTS_DIR; };
		B24437B825263E8BD2607E9D /* Pods-flckrSearchTests.release.xcconfig */ = {isa = PBXFileReference; includeInIndex = 1; lastKnownFileType = text.xcconfig; name = "Pods-flckrSearchTests.release.xcconfig"; path = "Target Support Files/Pods-flckrSearchTests/Pods-flckrSearchTests.release.xcconfig"; sourceTree = "<group>"; };
		B467C55A3267F439C289BC92 /* Pods-flckrSearch.release.xcconfig */ = {isa = PBXFileReference; includeInIndex = 1; lastKnownFileType = text.xcconfig; name = "Pods-flckrSearch.release.xcconfig"; path = "Target Support Files/Pods-flckrSearch/Pods-flckrSearch.release.xcconfig"; sourceTree = "<group>"; };
		CDD19238AC997A213014F5B3 /* Pods-flckrSearchUITests.release.xcconfig */ = {isa = PBXFileReference; includeInIndex = 1; lastKnownFileType = text.xcconfig; name = "Pods-flckrSearchUITests.release.xcconfig"; path = "Target Support Files/Pods-flckrSearchUITests/Pods-flckrSearchUITests.release.xcconfig"; sourceTree = "<group>"; };
		F7ACE75ABFBDE9419F2CBB66 /* Pods_flckrSearchUITests.framework */ = {isa = PBXFileReference; explicitFileType = wrapper.framework; includeInIndex = 0; path = Pods_flckrSearchUITests.framework; sourceTree = BUILT_PRODUCTS_DIR; };
		F7EC66EBADE379EC5400A098 /* Pods_flckrSearchTests.framework */ = {isa = PBXFileReference; explicitFileType = wrapper.framework; includeInIndex = 0; path = Pods_flckrSearchTests.framework; sourceTree = BUILT_PRODUCTS_DIR; };
/* End PBXFileReference section */

/* Begin PBXFrameworksBuildPhase section */
		7CC9F8AE22133AA600BA9751 /* Frameworks */ = {
			isa = PBXFrameworksBuildPhase;
			buildActionMask = 2147483647;
			files = (
				CA252F8DF6FA59AC4B500E68 /* Pods_flckrSearch.framework in Frameworks */,
			);
			runOnlyForDeploymentPostprocessing = 0;
		};
		7CC9F8C222133AA700BA9751 /* Frameworks */ = {
			isa = PBXFrameworksBuildPhase;
			buildActionMask = 2147483647;
			files = (
				E48D3A304CE9CE1D5467BCC1 /* Pods_flckrSearchTests.framework in Frameworks */,
			);
			runOnlyForDeploymentPostprocessing = 0;
		};
		7CC9F8CD22133AA700BA9751 /* Frameworks */ = {
			isa = PBXFrameworksBuildPhase;
			buildActionMask = 2147483647;
			files = (
				C6DEF626F6B646F6A447415E /* Pods_flckrSearchUITests.framework in Frameworks */,
			);
			runOnlyForDeploymentPostprocessing = 0;
		};
/* End PBXFrameworksBuildPhase section */

/* Begin PBXGroup section */
		52852478A4DA345590A2BFBD /* Frameworks */ = {
			isa = PBXGroup;
			children = (
				8353441351E771A88827AE92 /* Pods_flckrSearch.framework */,
				F7EC66EBADE379EC5400A098 /* Pods_flckrSearchTests.framework */,
				F7ACE75ABFBDE9419F2CBB66 /* Pods_flckrSearchUITests.framework */,
			);
			name = Frameworks;
			sourceTree = "<group>";
		};
		7CC9F8A822133AA600BA9751 = {
			isa = PBXGroup;
			children = (
				7CC9F8B322133AA600BA9751 /* flckrSearch */,
				7CC9F8C822133AA700BA9751 /* flckrSearchTests */,
				7CC9F8D322133AA700BA9751 /* flckrSearchUITests */,
				7CC9F8B222133AA600BA9751 /* Products */,
				AF2BFF28148E0C0CC95B368D /* Pods */,
				52852478A4DA345590A2BFBD /* Frameworks */,
			);
			sourceTree = "<group>";
		};
		7CC9F8B222133AA600BA9751 /* Products */ = {
			isa = PBXGroup;
			children = (
				7CC9F8B122133AA600BA9751 /* flckrSearch.app */,
				7CC9F8C522133AA700BA9751 /* flckrSearchTests.xctest */,
				7CC9F8D022133AA700BA9751 /* flckrSearchUITests.xctest */,
			);
			name = Products;
			sourceTree = "<group>";
		};
		7CC9F8B322133AA600BA9751 /* flckrSearch */ = {
			isa = PBXGroup;
			children = (
				7CC9F8EF2213627700BA9751 /* Models */,
				7CC9F8EC22135FBB00BA9751 /* Services */,
				7CC9F8B422133AA600BA9751 /* AppDelegate.swift */,
				7CC9F8B622133AA600BA9751 /* ViewController.swift */,
				7CC9F8B822133AA600BA9751 /* Main.storyboard */,
				7CC9F8BB22133AA700BA9751 /* Assets.xcassets */,
				7CC9F8BD22133AA700BA9751 /* LaunchScreen.storyboard */,
				7CC9F8C022133AA700BA9751 /* Info.plist */,
				7CC9F8E422133BA300BA9751 /* PhotoSearchController.swift */,
				7CC9F8F42213686E00BA9751 /* PhotoSearchViewModel.swift */,
				7CC9F8F82225E49E00BA9751 /* PhotoCell.swift */,
				7CC9F8E62213459500BA9751 /* ViewModeled.swift */,
				7CC9F8E8221345D900BA9751 /* BaseViewModel.swift */,
			);
			path = flckrSearch;
			sourceTree = "<group>";
		};
		7CC9F8C822133AA700BA9751 /* flckrSearchTests */ = {
			isa = PBXGroup;
			children = (
				7CC9F8C922133AA700BA9751 /* flckrSearchTests.swift */,
				7CC9F8CB22133AA700BA9751 /* Info.plist */,
			);
			path = flckrSearchTests;
			sourceTree = "<group>";
		};
		7CC9F8D322133AA700BA9751 /* flckrSearchUITests */ = {
			isa = PBXGroup;
			children = (
				7CC9F8D422133AA700BA9751 /* flckrSearchUITests.swift */,
				7CC9F8D622133AA700BA9751 /* Info.plist */,
			);
			path = flckrSearchUITests;
			sourceTree = "<group>";
		};
		7CC9F8EC22135FBB00BA9751 /* Services */ = {
			isa = PBXGroup;
			children = (
				7CC9F8ED22135FDD00BA9751 /* FlickrService.swift */,
				3417396A0890C02916F90FFB /* ApiProvider.swift */,
				341737227E449C9C14EB8681 /* ApiProviderImpl.swift */,
			);
			path = Services;
			sourceTree = "<group>";
		};
		7CC9F8EF2213627700BA9751 /* Models */ = {
			isa = PBXGroup;
			children = (
				7CC9F8F02213669B00BA9751 /* PhotosList.swift */,
				7CC9F8F2221366BB00BA9751 /* Photo.swift */,
			);
			path = Models;
			sourceTree = "<group>";
		};
		AF2BFF28148E0C0CC95B368D /* Pods */ = {
			isa = PBXGroup;
			children = (
				65C95AC3F1FC451BF5BB6994 /* Pods-flckrSearch.debug.xcconfig */,
				B467C55A3267F439C289BC92 /* Pods-flckrSearch.release.xcconfig */,
				734E98CBE4699025D76C5775 /* Pods-flckrSearchTests.debug.xcconfig */,
				B24437B825263E8BD2607E9D /* Pods-flckrSearchTests.release.xcconfig */,
				824B595139B28C9240E4E694 /* Pods-flckrSearchUITests.debug.xcconfig */,
				CDD19238AC997A213014F5B3 /* Pods-flckrSearchUITests.release.xcconfig */,
			);
			path = Pods;
			sourceTree = "<group>";
		};
/* End PBXGroup section */

/* Begin PBXNativeTarget section */
		7CC9F8B022133AA600BA9751 /* flckrSearch */ = {
			isa = PBXNativeTarget;
			buildConfigurationList = 7CC9F8D922133AA700BA9751 /* Build configuration list for PBXNativeTarget "flckrSearch" */;
			buildPhases = (
				9E23AC5FD7C3BAADC4399C49 /* [CP] Check Pods Manifest.lock */,
				7CC9F8AD22133AA600BA9751 /* Sources */,
				7CC9F8AE22133AA600BA9751 /* Frameworks */,
				7CC9F8AF22133AA600BA9751 /* Resources */,
				4146DB8F1DC379030B1AD327 /* [CP] Embed Pods Frameworks */,
			);
			buildRules = (
			);
			dependencies = (
			);
			name = flckrSearch;
			productName = flckrSearch;
			productReference = 7CC9F8B122133AA600BA9751 /* flckrSearch.app */;
			productType = "com.apple.product-type.application";
		};
		7CC9F8C422133AA700BA9751 /* flckrSearchTests */ = {
			isa = PBXNativeTarget;
			buildConfigurationList = 7CC9F8DC22133AA700BA9751 /* Build configuration list for PBXNativeTarget "flckrSearchTests" */;
			buildPhases = (
				7BBA001BE6BB6A4235C87F76 /* [CP] Check Pods Manifest.lock */,
				7CC9F8C122133AA700BA9751 /* Sources */,
				7CC9F8C222133AA700BA9751 /* Frameworks */,
				7CC9F8C322133AA700BA9751 /* Resources */,
				10C8591B7C94805EF1B3672D /* [CP] Embed Pods Frameworks */,
			);
			buildRules = (
			);
			dependencies = (
				7CC9F8C722133AA700BA9751 /* PBXTargetDependency */,
			);
			name = flckrSearchTests;
			productName = flckrSearchTests;
			productReference = 7CC9F8C522133AA700BA9751 /* flckrSearchTests.xctest */;
			productType = "com.apple.product-type.bundle.unit-test";
		};
		7CC9F8CF22133AA700BA9751 /* flckrSearchUITests */ = {
			isa = PBXNativeTarget;
			buildConfigurationList = 7CC9F8DF22133AA700BA9751 /* Build configuration list for PBXNativeTarget "flckrSearchUITests" */;
			buildPhases = (
				581690862D1B40FB346C75C2 /* [CP] Check Pods Manifest.lock */,
				7CC9F8CC22133AA700BA9751 /* Sources */,
				7CC9F8CD22133AA700BA9751 /* Frameworks */,
				7CC9F8CE22133AA700BA9751 /* Resources */,
			);
			buildRules = (
			);
			dependencies = (
				7CC9F8D222133AA700BA9751 /* PBXTargetDependency */,
			);
			name = flckrSearchUITests;
			productName = flckrSearchUITests;
			productReference = 7CC9F8D022133AA700BA9751 /* flckrSearchUITests.xctest */;
			productType = "com.apple.product-type.bundle.ui-testing";
		};
/* End PBXNativeTarget section */

/* Begin PBXProject section */
		7CC9F8A922133AA600BA9751 /* Project object */ = {
			isa = PBXProject;
			attributes = {
				LastSwiftUpdateCheck = 1010;
				LastUpgradeCheck = 1010;
				ORGANIZATIONNAME = "Oleg Shulakov";
				TargetAttributes = {
					7CC9F8B022133AA600BA9751 = {
						CreatedOnToolsVersion = 10.1;
					};
					7CC9F8C422133AA700BA9751 = {
						CreatedOnToolsVersion = 10.1;
						TestTargetID = 7CC9F8B022133AA600BA9751;
					};
					7CC9F8CF22133AA700BA9751 = {
						CreatedOnToolsVersion = 10.1;
						TestTargetID = 7CC9F8B022133AA600BA9751;
					};
				};
			};
			buildConfigurationList = 7CC9F8AC22133AA600BA9751 /* Build configuration list for PBXProject "flckrSearch" */;
			compatibilityVersion = "Xcode 9.3";
			developmentRegion = en;
			hasScannedForEncodings = 0;
			knownRegions = (
				en,
				Base,
			);
			mainGroup = 7CC9F8A822133AA600BA9751;
			productRefGroup = 7CC9F8B222133AA600BA9751 /* Products */;
			projectDirPath = "";
			projectRoot = "";
			targets = (
				7CC9F8B022133AA600BA9751 /* flckrSearch */,
				7CC9F8C422133AA700BA9751 /* flckrSearchTests */,
				7CC9F8CF22133AA700BA9751 /* flckrSearchUITests */,
			);
		};
/* End PBXProject section */

/* Begin PBXResourcesBuildPhase section */
		7CC9F8AF22133AA600BA9751 /* Resources */ = {
			isa = PBXResourcesBuildPhase;
			buildActionMask = 2147483647;
			files = (
				7CC9F8BF22133AA700BA9751 /* LaunchScreen.storyboard in Resources */,
				7CC9F8BC22133AA700BA9751 /* Assets.xcassets in Resources */,
				7CC9F8BA22133AA600BA9751 /* Main.storyboard in Resources */,
			);
			runOnlyForDeploymentPostprocessing = 0;
		};
		7CC9F8C322133AA700BA9751 /* Resources */ = {
			isa = PBXResourcesBuildPhase;
			buildActionMask = 2147483647;
			files = (
			);
			runOnlyForDeploymentPostprocessing = 0;
		};
		7CC9F8CE22133AA700BA9751 /* Resources */ = {
			isa = PBXResourcesBuildPhase;
			buildActionMask = 2147483647;
			files = (
			);
			runOnlyForDeploymentPostprocessing = 0;
		};
/* End PBXResourcesBuildPhase section */

/* Begin PBXShellScriptBuildPhase section */
		10C8591B7C94805EF1B3672D /* [CP] Embed Pods Frameworks */ = {
			isa = PBXShellScriptBuildPhase;
			buildActionMask = 2147483647;
			files = (
			);
			inputFileListPaths = (
			);
			inputPaths = (
				"${PODS_ROOT}/Target Support Files/Pods-flckrSearchTests/Pods-flckrSearchTests-frameworks.sh",
				"${BUILT_PRODUCTS_DIR}/RxAtomic/RxAtomic.framework",
				"${BUILT_PRODUCTS_DIR}/RxSwift/RxSwift.framework",
				"${BUILT_PRODUCTS_DIR}/RxBlocking/RxBlocking.framework",
				"${BUILT_PRODUCTS_DIR}/RxTest/RxTest.framework",
			);
			name = "[CP] Embed Pods Frameworks";
			outputFileListPaths = (
			);
			outputPaths = (
				"${TARGET_BUILD_DIR}/${FRAMEWORKS_FOLDER_PATH}/RxAtomic.framework",
				"${TARGET_BUILD_DIR}/${FRAMEWORKS_FOLDER_PATH}/RxSwift.framework",
				"${TARGET_BUILD_DIR}/${FRAMEWORKS_FOLDER_PATH}/RxBlocking.framework",
				"${TARGET_BUILD_DIR}/${FRAMEWORKS_FOLDER_PATH}/RxTest.framework",
			);
			runOnlyForDeploymentPostprocessing = 0;
			shellPath = /bin/sh;
			shellScript = "\"${PODS_ROOT}/Target Support Files/Pods-flckrSearchTests/Pods-flckrSearchTests-frameworks.sh\"\n";
			showEnvVarsInLog = 0;
		};
		4146DB8F1DC379030B1AD327 /* [CP] Embed Pods Frameworks */ = {
			isa = PBXShellScriptBuildPhase;
			buildActionMask = 2147483647;
			files = (
			);
			inputFileListPaths = (
			);
			inputPaths = (
				"${PODS_ROOT}/Target Support Files/Pods-flckrSearch/Pods-flckrSearch-frameworks.sh",
				"${BUILT_PRODUCTS_DIR}/Alamofire/Alamofire.framework",
				"${BUILT_PRODUCTS_DIR}/Moya/Moya.framework",
				"${BUILT_PRODUCTS_DIR}/Result/Result.framework",
				"${BUILT_PRODUCTS_DIR}/RxAtomic/RxAtomic.framework",
				"${BUILT_PRODUCTS_DIR}/RxCocoa/RxCocoa.framework",
				"${BUILT_PRODUCTS_DIR}/RxOptional/RxOptional.framework",
				"${BUILT_PRODUCTS_DIR}/RxSwift/RxSwift.framework",
			);
			name = "[CP] Embed Pods Frameworks";
			outputFileListPaths = (
			);
			outputPaths = (
				"${TARGET_BUILD_DIR}/${FRAMEWORKS_FOLDER_PATH}/Alamofire.framework",
				"${TARGET_BUILD_DIR}/${FRAMEWORKS_FOLDER_PATH}/Moya.framework",
				"${TARGET_BUILD_DIR}/${FRAMEWORKS_FOLDER_PATH}/Result.framework",
				"${TARGET_BUILD_DIR}/${FRAMEWORKS_FOLDER_PATH}/RxAtomic.framework",
				"${TARGET_BUILD_DIR}/${FRAMEWORKS_FOLDER_PATH}/RxCocoa.framework",
				"${TARGET_BUILD_DIR}/${FRAMEWORKS_FOLDER_PATH}/RxOptional.framework",
				"${TARGET_BUILD_DIR}/${FRAMEWORKS_FOLDER_PATH}/RxSwift.framework",
			);
			runOnlyForDeploymentPostprocessing = 0;
			shellPath = /bin/sh;
			shellScript = "\"${PODS_ROOT}/Target Support Files/Pods-flckrSearch/Pods-flckrSearch-frameworks.sh\"\n";
			showEnvVarsInLog = 0;
		};
		581690862D1B40FB346C75C2 /* [CP] Check Pods Manifest.lock */ = {
			isa = PBXShellScriptBuildPhase;
			buildActionMask = 2147483647;
			files = (
			);
			inputFileListPaths = (
			);
			inputPaths = (
				"${PODS_PODFILE_DIR_PATH}/Podfile.lock",
				"${PODS_ROOT}/Manifest.lock",
			);
			name = "[CP] Check Pods Manifest.lock";
			outputFileListPaths = (
			);
			outputPaths = (
				"$(DERIVED_FILE_DIR)/Pods-flckrSearchUITests-checkManifestLockResult.txt",
			);
			runOnlyForDeploymentPostprocessing = 0;
			shellPath = /bin/sh;
			shellScript = "diff \"${PODS_PODFILE_DIR_PATH}/Podfile.lock\" \"${PODS_ROOT}/Manifest.lock\" > /dev/null\nif [ $? != 0 ] ; then\n    # print error to STDERR\n    echo \"error: The sandbox is not in sync with the Podfile.lock. Run 'pod install' or update your CocoaPods installation.\" >&2\n    exit 1\nfi\n# This output is used by Xcode 'outputs' to avoid re-running this script phase.\necho \"SUCCESS\" > \"${SCRIPT_OUTPUT_FILE_0}\"\n";
			showEnvVarsInLog = 0;
		};
		7BBA001BE6BB6A4235C87F76 /* [CP] Check Pods Manifest.lock */ = {
			isa = PBXShellScriptBuildPhase;
			buildActionMask = 2147483647;
			files = (
			);
			inputFileListPaths = (
			);
			inputPaths = (
				"${PODS_PODFILE_DIR_PATH}/Podfile.lock",
				"${PODS_ROOT}/Manifest.lock",
			);
			name = "[CP] Check Pods Manifest.lock";
			outputFileListPaths = (
			);
			outputPaths = (
				"$(DERIVED_FILE_DIR)/Pods-flckrSearchTests-checkManifestLockResult.txt",
			);
			runOnlyForDeploymentPostprocessing = 0;
			shellPath = /bin/sh;
			shellScript = "diff \"${PODS_PODFILE_DIR_PATH}/Podfile.lock\" \"${PODS_ROOT}/Manifest.lock\" > /dev/null\nif [ $? != 0 ] ; then\n    # print error to STDERR\n    echo \"error: The sandbox is not in sync with the Podfile.lock. Run 'pod install' or update your CocoaPods installation.\" >&2\n    exit 1\nfi\n# This output is used by Xcode 'outputs' to avoid re-running this script phase.\necho \"SUCCESS\" > \"${SCRIPT_OUTPUT_FILE_0}\"\n";
			showEnvVarsInLog = 0;
		};
		9E23AC5FD7C3BAADC4399C49 /* [CP] Check Pods Manifest.lock */ = {
			isa = PBXShellScriptBuildPhase;
			buildActionMask = 2147483647;
			files = (
			);
			inputFileListPaths = (
			);
			inputPaths = (
				"${PODS_PODFILE_DIR_PATH}/Podfile.lock",
				"${PODS_ROOT}/Manifest.lock",
			);
			name = "[CP] Check Pods Manifest.lock";
			outputFileListPaths = (
			);
			outputPaths = (
				"$(DERIVED_FILE_DIR)/Pods-flckrSearch-checkManifestLockResult.txt",
			);
			runOnlyForDeploymentPostprocessing = 0;
			shellPath = /bin/sh;
			shellScript = "diff \"${PODS_PODFILE_DIR_PATH}/Podfile.lock\" \"${PODS_ROOT}/Manifest.lock\" > /dev/null\nif [ $? != 0 ] ; then\n    # print error to STDERR\n    echo \"error: The sandbox is not in sync with the Podfile.lock. Run 'pod install' or update your CocoaPods installation.\" >&2\n    exit 1\nfi\n# This output is used by Xcode 'outputs' to avoid re-running this script phase.\necho \"SUCCESS\" > \"${SCRIPT_OUTPUT_FILE_0}\"\n";
			showEnvVarsInLog = 0;
		};
/* End PBXShellScriptBuildPhase section */

/* Begin PBXSourcesBuildPhase section */
		7CC9F8AD22133AA600BA9751 /* Sources */ = {
			isa = PBXSourcesBuildPhase;
			buildActionMask = 2147483647;
			files = (
				7CC9F8F3221366BB00BA9751 /* Photo.swift in Sources */,
				7CC9F8B722133AA600BA9751 /* ViewController.swift in Sources */,
				7CC9F8E9221345D900BA9751 /* BaseViewModel.swift in Sources */,
				7CC9F8EE22135FDD00BA9751 /* FlickrService.swift in Sources */,
				7CC9F8F52213686E00BA9751 /* PhotoSearchViewModel.swift in Sources */,
				7CC9F8E72213459500BA9751 /* ViewModeled.swift in Sources */,
				7CC9F8F92225E49E00BA9751 /* PhotoCell.swift in Sources */,
				7CC9F8B522133AA600BA9751 /* AppDelegate.swift in Sources */,
				7CC9F8E522133BA300BA9751 /* PhotoSearchController.swift in Sources */,
				7CC9F8F12213669B00BA9751 /* PhotosList.swift in Sources */,
				34173CC70801ECE4CB2CD25A /* ApiProvider.swift in Sources */,
				34173A8350D66A8BCF312D08 /* ApiProviderImpl.swift in Sources */,
			);
			runOnlyForDeploymentPostprocessing = 0;
		};
		7CC9F8C122133AA700BA9751 /* Sources */ = {
			isa = PBXSourcesBuildPhase;
			buildActionMask = 2147483647;
			files = (
				7CC9F8CA22133AA700BA9751 /* flckrSearchTests.swift in Sources */,
			);
			runOnlyForDeploymentPostprocessing = 0;
		};
		7CC9F8CC22133AA700BA9751 /* Sources */ = {
			isa = PBXSourcesBuildPhase;
			buildActionMask = 2147483647;
			files = (
				7CC9F8D522133AA700BA9751 /* flckrSearchUITests.swift in Sources */,
			);
			runOnlyForDeploymentPostprocessing = 0;
		};
/* End PBXSourcesBuildPhase section */

/* Begin PBXTargetDependency section */
		7CC9F8C722133AA700BA9751 /* PBXTargetDependency */ = {
			isa = PBXTargetDependency;
			target = 7CC9F8B022133AA600BA9751 /* flckrSearch */;
			targetProxy = 7CC9F8C622133AA700BA9751 /* PBXContainerItemProxy */;
		};
		7CC9F8D222133AA700BA9751 /* PBXTargetDependency */ = {
			isa = PBXTargetDependency;
			target = 7CC9F8B022133AA600BA9751 /* flckrSearch */;
			targetProxy = 7CC9F8D122133AA700BA9751 /* PBXContainerItemProxy */;
		};
/* End PBXTargetDependency section */

/* Begin PBXVariantGroup section */
		7CC9F8B822133AA600BA9751 /* Main.storyboard */ = {
			isa = PBXVariantGroup;
			children = (
				7CC9F8B922133AA600BA9751 /* Base */,
			);
			name = Main.storyboard;
			sourceTree = "<group>";
		};
		7CC9F8BD22133AA700BA9751 /* LaunchScreen.storyboard */ = {
			isa = PBXVariantGroup;
			children = (
				7CC9F8BE22133AA700BA9751 /* Base */,
			);
			name = LaunchScreen.storyboard;
			sourceTree = "<group>";
		};
/* End PBXVariantGroup section */

/* Begin XCBuildConfiguration section */
		7CC9F8D722133AA700BA9751 /* Debug */ = {
			isa = XCBuildConfiguration;
			buildSettings = {
				ALWAYS_SEARCH_USER_PATHS = NO;
				CLANG_ANALYZER_NONNULL = YES;
				CLANG_ANALYZER_NUMBER_OBJECT_CONVERSION = YES_AGGRESSIVE;
				CLANG_CXX_LANGUAGE_STANDARD = "gnu++14";
				CLANG_CXX_LIBRARY = "libc++";
				CLANG_ENABLE_MODULES = YES;
				CLANG_ENABLE_OBJC_ARC = YES;
				CLANG_ENABLE_OBJC_WEAK = YES;
				CLANG_WARN_BLOCK_CAPTURE_AUTORELEASING = YES;
				CLANG_WARN_BOOL_CONVERSION = YES;
				CLANG_WARN_COMMA = YES;
				CLANG_WARN_CONSTANT_CONVERSION = YES;
				CLANG_WARN_DEPRECATED_OBJC_IMPLEMENTATIONS = YES;
				CLANG_WARN_DIRECT_OBJC_ISA_USAGE = YES_ERROR;
				CLANG_WARN_DOCUMENTATION_COMMENTS = YES;
				CLANG_WARN_EMPTY_BODY = YES;
				CLANG_WARN_ENUM_CONVERSION = YES;
				CLANG_WARN_INFINITE_RECURSION = YES;
				CLANG_WARN_INT_CONVERSION = YES;
				CLANG_WARN_NON_LITERAL_NULL_CONVERSION = YES;
				CLANG_WARN_OBJC_IMPLICIT_RETAIN_SELF = YES;
				CLANG_WARN_OBJC_LITERAL_CONVERSION = YES;
				CLANG_WARN_OBJC_ROOT_CLASS = YES_ERROR;
				CLANG_WARN_RANGE_LOOP_ANALYSIS = YES;
				CLANG_WARN_STRICT_PROTOTYPES = YES;
				CLANG_WARN_SUSPICIOUS_MOVE = YES;
				CLANG_WARN_UNGUARDED_AVAILABILITY = YES_AGGRESSIVE;
				CLANG_WARN_UNREACHABLE_CODE = YES;
				CLANG_WARN__DUPLICATE_METHOD_MATCH = YES;
				CODE_SIGN_IDENTITY = "iPhone Developer";
				COPY_PHASE_STRIP = NO;
				DEBUG_INFORMATION_FORMAT = dwarf;
				ENABLE_STRICT_OBJC_MSGSEND = YES;
				ENABLE_TESTABILITY = YES;
				GCC_C_LANGUAGE_STANDARD = gnu11;
				GCC_DYNAMIC_NO_PIC = NO;
				GCC_NO_COMMON_BLOCKS = YES;
				GCC_OPTIMIZATION_LEVEL = 0;
				GCC_PREPROCESSOR_DEFINITIONS = (
					"DEBUG=1",
					"$(inherited)",
				);
				GCC_WARN_64_TO_32_BIT_CONVERSION = YES;
				GCC_WARN_ABOUT_RETURN_TYPE = YES_ERROR;
				GCC_WARN_UNDECLARED_SELECTOR = YES;
				GCC_WARN_UNINITIALIZED_AUTOS = YES_AGGRESSIVE;
				GCC_WARN_UNUSED_FUNCTION = YES;
				GCC_WARN_UNUSED_VARIABLE = YES;
				IPHONEOS_DEPLOYMENT_TARGET = 12.1;
				MTL_ENABLE_DEBUG_INFO = INCLUDE_SOURCE;
				MTL_FAST_MATH = YES;
				ONLY_ACTIVE_ARCH = YES;
				SDKROOT = iphoneos;
				SWIFT_ACTIVE_COMPILATION_CONDITIONS = DEBUG;
				SWIFT_OPTIMIZATION_LEVEL = "-Onone";
			};
			name = Debug;
		};
		7CC9F8D822133AA700BA9751 /* Release */ = {
			isa = XCBuildConfiguration;
			buildSettings = {
				ALWAYS_SEARCH_USER_PATHS = NO;
				CLANG_ANALYZER_NONNULL = YES;
				CLANG_ANALYZER_NUMBER_OBJECT_CONVERSION = YES_AGGRESSIVE;
				CLANG_CXX_LANGUAGE_STANDARD = "gnu++14";
				CLANG_CXX_LIBRARY = "libc++";
				CLANG_ENABLE_MODULES = YES;
				CLANG_ENABLE_OBJC_ARC = YES;
				CLANG_ENABLE_OBJC_WEAK = YES;
				CLANG_WARN_BLOCK_CAPTURE_AUTORELEASING = YES;
				CLANG_WARN_BOOL_CONVERSION = YES;
				CLANG_WARN_COMMA = YES;
				CLANG_WARN_CONSTANT_CONVERSION = YES;
				CLANG_WARN_DEPRECATED_OBJC_IMPLEMENTATIONS = YES;
				CLANG_WARN_DIRECT_OBJC_ISA_USAGE = YES_ERROR;
				CLANG_WARN_DOCUMENTATION_COMMENTS = YES;
				CLANG_WARN_EMPTY_BODY = YES;
				CLANG_WARN_ENUM_CONVERSION = YES;
				CLANG_WARN_INFINITE_RECURSION = YES;
				CLANG_WARN_INT_CONVERSION = YES;
				CLANG_WARN_NON_LITERAL_NULL_CONVERSION = YES;
				CLANG_WARN_OBJC_IMPLICIT_RETAIN_SELF = YES;
				CLANG_WARN_OBJC_LITERAL_CONVERSION = YES;
				CLANG_WARN_OBJC_ROOT_CLASS = YES_ERROR;
				CLANG_WARN_RANGE_LOOP_ANALYSIS = YES;
				CLANG_WARN_STRICT_PROTOTYPES = YES;
				CLANG_WARN_SUSPICIOUS_MOVE = YES;
				CLANG_WARN_UNGUARDED_AVAILABILITY = YES_AGGRESSIVE;
				CLANG_WARN_UNREACHABLE_CODE = YES;
				CLANG_WARN__DUPLICATE_METHOD_MATCH = YES;
				CODE_SIGN_IDENTITY = "iPhone Developer";
				COPY_PHASE_STRIP = NO;
				DEBUG_INFORMATION_FORMAT = "dwarf-with-dsym";
				ENABLE_NS_ASSERTIONS = NO;
				ENABLE_STRICT_OBJC_MSGSEND = YES;
				GCC_C_LANGUAGE_STANDARD = gnu11;
				GCC_NO_COMMON_BLOCKS = YES;
				GCC_WARN_64_TO_32_BIT_CONVERSION = YES;
				GCC_WARN_ABOUT_RETURN_TYPE = YES_ERROR;
				GCC_WARN_UNDECLARED_SELECTOR = YES;
				GCC_WARN_UNINITIALIZED_AUTOS = YES_AGGRESSIVE;
				GCC_WARN_UNUSED_FUNCTION = YES;
				GCC_WARN_UNUSED_VARIABLE = YES;
				IPHONEOS_DEPLOYMENT_TARGET = 12.1;
				MTL_ENABLE_DEBUG_INFO = NO;
				MTL_FAST_MATH = YES;
				SDKROOT = iphoneos;
				SWIFT_COMPILATION_MODE = wholemodule;
				SWIFT_OPTIMIZATION_LEVEL = "-O";
				VALIDATE_PRODUCT = YES;
			};
			name = Release;
		};
		7CC9F8DA22133AA700BA9751 /* Debug */ = {
			isa = XCBuildConfiguration;
			baseConfigurationReference = 65C95AC3F1FC451BF5BB6994 /* Pods-flckrSearch.debug.xcconfig */;
			buildSettings = {
				ASSETCATALOG_COMPILER_APPICON_NAME = AppIcon;
				CODE_SIGN_STYLE = Automatic;
				DEVELOPMENT_TEAM = QHBXU5H547;
				INFOPLIST_FILE = flckrSearch/Info.plist;
				LD_RUNPATH_SEARCH_PATHS = (
					"$(inherited)",
					"@executable_path/Frameworks",
				);
				PRODUCT_BUNDLE_IDENTIFIER = ru.taximaster.flckrSearch;
				PRODUCT_NAME = "$(TARGET_NAME)";
				SWIFT_VERSION = 4.2;
				TARGETED_DEVICE_FAMILY = "1,2";
			};
			name = Debug;
		};
		7CC9F8DB22133AA700BA9751 /* Release */ = {
			isa = XCBuildConfiguration;
			baseConfigurationReference = B467C55A3267F439C289BC92 /* Pods-flckrSearch.release.xcconfig */;
			buildSettings = {
				ASSETCATALOG_COMPILER_APPICON_NAME = AppIcon;
				CODE_SIGN_STYLE = Automatic;
				DEVELOPMENT_TEAM = QHBXU5H547;
				INFOPLIST_FILE = flckrSearch/Info.plist;
				LD_RUNPATH_SEARCH_PATHS = (
					"$(inherited)",
					"@executable_path/Frameworks",
				);
				PRODUCT_BUNDLE_IDENTIFIER = ru.taximaster.flckrSearch;
				PRODUCT_NAME = "$(TARGET_NAME)";
				SWIFT_VERSION = 4.2;
				TARGETED_DEVICE_FAMILY = "1,2";
			};
			name = Release;
		};
		7CC9F8DD22133AA700BA9751 /* Debug */ = {
			isa = XCBuildConfiguration;
			baseConfigurationReference = 734E98CBE4699025D76C5775 /* Pods-flckrSearchTests.debug.xcconfig */;
			buildSettings = {
				ALWAYS_EMBED_SWIFT_STANDARD_LIBRARIES = YES;
				BUNDLE_LOADER = "$(TEST_HOST)";
				CODE_SIGN_STYLE = Automatic;
				DEVELOPMENT_TEAM = QHBXU5H547;
				INFOPLIST_FILE = flckrSearchTests/Info.plist;
				LD_RUNPATH_SEARCH_PATHS = (
					"$(inherited)",
					"@executable_path/Frameworks",
					"@loader_path/Frameworks",
				);
				PRODUCT_BUNDLE_IDENTIFIER = ru.taximaster.flckrSearchTests;
				PRODUCT_NAME = "$(TARGET_NAME)";
				SWIFT_VERSION = 4.2;
				TARGETED_DEVICE_FAMILY = "1,2";
				TEST_HOST = "$(BUILT_PRODUCTS_DIR)/flckrSearch.app/flckrSearch";
			};
			name = Debug;
		};
		7CC9F8DE22133AA700BA9751 /* Release */ = {
			isa = XCBuildConfiguration;
			baseConfigurationReference = B24437B825263E8BD2607E9D /* Pods-flckrSearchTests.release.xcconfig */;
			buildSettings = {
				ALWAYS_EMBED_SWIFT_STANDARD_LIBRARIES = YES;
				BUNDLE_LOADER = "$(TEST_HOST)";
				CODE_SIGN_STYLE = Automatic;
				DEVELOPMENT_TEAM = QHBXU5H547;
				INFOPLIST_FILE = flckrSearchTests/Info.plist;
				LD_RUNPATH_SEARCH_PATHS = (
					"$(inherited)",
					"@executable_path/Frameworks",
					"@loader_path/Frameworks",
				);
				PRODUCT_BUNDLE_IDENTIFIER = ru.taximaster.flckrSearchTests;
				PRODUCT_NAME = "$(TARGET_NAME)";
				SWIFT_VERSION = 4.2;
				TARGETED_DEVICE_FAMILY = "1,2";
				TEST_HOST = "$(BUILT_PRODUCTS_DIR)/flckrSearch.app/flckrSearch";
			};
			name = Release;
		};
		7CC9F8E022133AA700BA9751 /* Debug */ = {
			isa = XCBuildConfiguration;
			baseConfigurationReference = 824B595139B28C9240E4E694 /* Pods-flckrSearchUITests.debug.xcconfig */;
			buildSettings = {
				ALWAYS_EMBED_SWIFT_STANDARD_LIBRARIES = YES;
				CODE_SIGN_STYLE = Automatic;
				DEVELOPMENT_TEAM = QHBXU5H547;
				INFOPLIST_FILE = flckrSearchUITests/Info.plist;
				LD_RUNPATH_SEARCH_PATHS = (
					"$(inherited)",
					"@executable_path/Frameworks",
					"@loader_path/Frameworks",
				);
				PRODUCT_BUNDLE_IDENTIFIER = ru.taximaster.flckrSearchUITests;
				PRODUCT_NAME = "$(TARGET_NAME)";
				SWIFT_VERSION = 4.2;
				TARGETED_DEVICE_FAMILY = "1,2";
				TEST_TARGET_NAME = flckrSearch;
			};
			name = Debug;
		};
		7CC9F8E122133AA700BA9751 /* Release */ = {
			isa = XCBuildConfiguration;
			baseConfigurationReference = CDD19238AC997A213014F5B3 /* Pods-flckrSearchUITests.release.xcconfig */;
			buildSettings = {
				ALWAYS_EMBED_SWIFT_STANDARD_LIBRARIES = YES;
				CODE_SIGN_STYLE = Automatic;
				DEVELOPMENT_TEAM = QHBXU5H547;
				INFOPLIST_FILE = flckrSearchUITests/Info.plist;
				LD_RUNPATH_SEARCH_PATHS = (
					"$(inherited)",
					"@executable_path/Frameworks",
					"@loader_path/Frameworks",
				);
				PRODUCT_BUNDLE_IDENTIFIER = ru.taximaster.flckrSearchUITests;
				PRODUCT_NAME = "$(TARGET_NAME)";
				SWIFT_VERSION = 4.2;
				TARGETED_DEVICE_FAMILY = "1,2";
				TEST_TARGET_NAME = flckrSearch;
			};
			name = Release;
		};
/* End XCBuildConfiguration section */

/* Begin XCConfigurationList section */
		7CC9F8AC22133AA600BA9751 /* Build configuration list for PBXProject "flckrSearch" */ = {
			isa = XCConfigurationList;
			buildConfigurations = (
				7CC9F8D722133AA700BA9751 /* Debug */,
				7CC9F8D822133AA700BA9751 /* Release */,
			);
			defaultConfigurationIsVisible = 0;
			defaultConfigurationName = Release;
		};
		7CC9F8D922133AA700BA9751 /* Build configuration list for PBXNativeTarget "flckrSearch" */ = {
			isa = XCConfigurationList;
			buildConfigurations = (
				7CC9F8DA22133AA700BA9751 /* Debug */,
				7CC9F8DB22133AA700BA9751 /* Release */,
			);
			defaultConfigurationIsVisible = 0;
			defaultConfigurationName = Release;
		};
		7CC9F8DC22133AA700BA9751 /* Build configuration list for PBXNativeTarget "flckrSearchTests" */ = {
			isa = XCConfigurationList;
			buildConfigurations = (
				7CC9F8DD22133AA700BA9751 /* Debug */,
				7CC9F8DE22133AA700BA9751 /* Release */,
			);
			defaultConfigurationIsVisible = 0;
			defaultConfigurationName = Release;
		};
		7CC9F8DF22133AA700BA9751 /* Build configuration list for PBXNativeTarget "flckrSearchUITests" */ = {
			isa = XCConfigurationList;
			buildConfigurations = (
				7CC9F8E022133AA700BA9751 /* Debug */,
				7CC9F8E122133AA700BA9751 /* Release */,
			);
			defaultConfigurationIsVisible = 0;
			defaultConfigurationName = Release;
		};
/* End XCConfigurationList section */
	};
	rootObject = 7CC9F8A922133AA600BA9751 /* Project object */;
}
